{
    "requires": true,
    "lockfileVersion": 1,
    "dependencies": {
        "wolfram-alpha-api": {
            "version": "https://products.wolframalpha.com/api/libraries/javascript/wolfram-alpha-api-1.0.0-rc.1.tgz",
            "integrity": "sha512-yujgD6IWkQvCfiOw8K1xaLvVCSB3NstUZzcolEq5cKIRTbeyEo/1sipK0k0oFcIWX39X6t6fqDlphLCzFVgQCw=="
        }
    }
}
